
Microsoft Visual Studio Solution File, Format Version 12.00
# Visual Studio Version 17
VisualStudioVersion = 17.1.31911.260
MinimumVisualStudioVersion = 10.0.40219.1
Project("{8BC9CEB8-8B4A-11D0-8D11-00A0C91BC942}") = "ff-GPGPU", "ff-GPGPU\ff-GPGPU.vcxproj", "{064A6D6D-CD65-46B5-B785-2923D58E912A}"
EndProject
Project("{888888A0-9F3D-457C-B088-3A5042F75D52}") = "reference", "reference\reference.pyproj", "{B3F7323E-8083-4EBD-80BE-48863B8D60A6}"
EndProject
Global
	GlobalSection(SolutionConfigurationPlatforms) = preSolution
		Debug|Any CPU = Debug|Any CPU
		Debug|x64 = Debug|x64
		Release|Any CPU = Release|Any CPU
		Release|x64 = Release|x64
	EndGlobalSection
	GlobalSection(ProjectConfigurationPlatforms) = postSolution
		{064A6D6D-CD65-46B5-B785-2923D58E912A}.Debug|Any CPU.ActiveCfg = Debug|x64
		{064A6D6D-CD65-46B5-B785-2923D58E912A}.Debug|Any CPU.Build.0 = Debug|x64
		{064A6D6D-CD65-46B5-B785-2923D58E912A}.Debug|x64.ActiveCfg = Debug|x64
		{064A6D6D-CD65-46B5-B785-2923D58E912A}.Debug|x64.Build.0 = Debug|x64
		{064A6D6D-CD65-46B5-B785-2923D58E912A}.Release|Any CPU.ActiveCfg = Release|x64
		{064A6D6D-CD65-46B5-B785-2923D58E912A}.Release|Any CPU.Build.0 = Release|x64
		{064A6D6D-CD65-46B5-B785-2923D58E912A}.Release|x64.ActiveCfg = Release|x64
		{064A6D6D-CD65-46B5-B785-2923D58E912A}.Release|x64.Build.0 = Release|x64
		{B3F7323E-8083-4EBD-80BE-48863B8D60A6}.Debug|Any CPU.ActiveCfg = Debug|Any CPU
		{B3F7323E-8083-4EBD-80BE-48863B8D60A6}.Debug|x64.ActiveCfg = Debug|Any CPU
		{B3F7323E-8083-4EBD-80BE-48863B8D60A6}.Release|Any CPU.ActiveCfg = Release|Any CPU
		{B3F7323E-8083-4EBD-80BE-48863B8D60A6}.Release|x64.ActiveCfg = Release|Any CPU
	EndGlobalSection
	GlobalSection(SolutionProperties) = preSolution
		HideSolutionNode = FALSE
	EndGlobalSection
	GlobalSection(ExtensibilityGlobals) = postSolution
		SolutionGuid = {77537FA3-E9FE-4ADD-86E3-6DF93F81B002}
	EndGlobalSection
EndGlobal
